
Microsoft Visual Studio Solution File, Format Version 12.00
# Visual Studio Version 17
VisualStudioVersion = 17.5.33516.290
MinimumVisualStudioVersion = 10.0.40219.1
Project("{FAE04EC0-301F-11D3-BF4B-00C04F79EFBC}") = "Recursion", "Recursion\Recursion.csproj", "{1ED8C026-2FE1-4FB1-8C2C-BF92ABA8CD2D}"
EndProject
Global
	GlobalSection(SolutionConfigurationPlatforms) = preSolution
		Debug|Any CPU = Debug|Any CPU
		Release|Any CPU = Release|Any CPU
	EndGlobalSection
	GlobalSection(ProjectConfigurationPlatforms) = postSolution
		{1ED8C026-2FE1-4FB1-8C2C-BF92ABA8CD2D}.Debug|Any CPU.ActiveCfg = Debug|Any CPU
		{1ED8C026-2FE1-4FB1-8C2C-BF92ABA8CD2D}.Debug|Any CPU.Build.0 = Debug|Any CPU
		{1ED8C026-2FE1-4FB1-8C2C-BF92ABA8CD2D}.Release|Any CPU.ActiveCfg = Release|Any CPU
		{1ED8C026-2FE1-4FB1-8C2C-BF92ABA8CD2D}.Release|Any CPU.Build.0 = Release|Any CPU
	EndGlobalSection
	GlobalSection(SolutionProperties) = preSolution
		HideSolutionNode = FALSE
	EndGlobalSection
	GlobalSection(ExtensibilityGlobals) = postSolution
		SolutionGuid = {BAFD2945-C9F5-46AE-9F99-2DE4B6EDE4F8}
	EndGlobalSection
EndGlobal
