
Microsoft Visual Studio Solution File, Format Version 12.00
# Visual Studio Version 16
VisualStudioVersion = 16.0.33214.272
MinimumVisualStudioVersion = 10.0.40219.1
Project("{FAE04EC0-301F-11D3-BF4B-00C04F79EFBC}") = "LinkedLists", "LinkedLists\LinkedLists.csproj", "{BA6399E6-65D7-41AB-B7FB-78A2C27C3CF1}"
EndProject
Global
	GlobalSection(SolutionConfigurationPlatforms) = preSolution
		Debug|Any CPU = Debug|Any CPU
		Release|Any CPU = Release|Any CPU
	EndGlobalSection
	GlobalSection(ProjectConfigurationPlatforms) = postSolution
		{BA6399E6-65D7-41AB-B7FB-78A2C27C3CF1}.Debug|Any CPU.ActiveCfg = Debug|Any CPU
		{BA6399E6-65D7-41AB-B7FB-78A2C27C3CF1}.Debug|Any CPU.Build.0 = Debug|Any CPU
		{BA6399E6-65D7-41AB-B7FB-78A2C27C3CF1}.Release|Any CPU.ActiveCfg = Release|Any CPU
		{BA6399E6-65D7-41AB-B7FB-78A2C27C3CF1}.Release|Any CPU.Build.0 = Release|Any CPU
	EndGlobalSection
	GlobalSection(SolutionProperties) = preSolution
		HideSolutionNode = FALSE
	EndGlobalSection
	GlobalSection(ExtensibilityGlobals) = postSolution
		SolutionGuid = {8FE4CBA7-D525-4152-8E18-3757E3808606}
	EndGlobalSection
EndGlobal
